
Microsoft Visual Studio Solution File, Format Version 12.00
# Visual Studio Version 16
VisualStudioVersion = 16.0.31205.134
MinimumVisualStudioVersion = 10.0.40219.1
Project("{2150E333-8FDC-42A3-9474-1A3956D46DE8}") = "src", "src", "{73AF9739-E4D4-49A6-98D8-3F850A4B0E2E}"
EndProject
Project("{2150E333-8FDC-42A3-9474-1A3956D46DE8}") = "tests", "tests", "{8C8CF527-7546-40B5-B0FB-035B7D8FAE6E}"
EndProject
Project("{9A19103F-16F7-4668-BE54-9A1E7A4F7556}") = "Web.ApiGateway", "src\Web.ApiGateway\Web.ApiGateway.csproj", "{B6815F6D-7F9E-43A0-910A-F922FB2C7A6E}"
EndProject
Project("{2150E333-8FDC-42A3-9474-1A3956D46DE8}") = "Solution Items", "Solution Items", "{B24A38CA-091C-48BD-BE95-648FB09A47AC}"
	ProjectSection(SolutionItems) = preProject
		.gitignore = .gitignore
		LICENSE = LICENSE
		Makefile = Makefile
		README.md = README.md
		skaffold.yaml = skaffold.yaml
	EndProjectSection
EndProject
Project("{9A19103F-16F7-4668-BE54-9A1E7A4F7556}") = "Worker.PipelineAgent", "src\Worker.PipelineAgent\Worker.PipelineAgent.csproj", "{9A8D18F7-8D79-4DC8-AC24-8D2CEA4261E6}"
EndProject
Project("{2150E333-8FDC-42A3-9474-1A3956D46DE8}") = "Worker.Proto", "Worker.Proto", "{52B1F9CA-3023-4445-8228-CBF83079F947}"
	ProjectSection(SolutionItems) = preProject
		src\Worker.Proto\exec.proto = src\Worker.Proto\exec.proto
	EndProjectSection
EndProject
Project("{2150E333-8FDC-42A3-9474-1A3956D46DE8}") = "Tools", "Tools", "{BD508A3C-A2E0-49D3-B063-A114C551CD05}"
	ProjectSection(SolutionItems) = preProject
		src\Tools\grpc_csharp_plugin.exe = src\Tools\grpc_csharp_plugin.exe
		src\Tools\protoc.exe = src\Tools\protoc.exe
	EndProjectSection
EndProject
Global
	GlobalSection(SolutionConfigurationPlatforms) = preSolution
		Debug|Any CPU = Debug|Any CPU
		Release|Any CPU = Release|Any CPU
	EndGlobalSection
	GlobalSection(ProjectConfigurationPlatforms) = postSolution
		{B6815F6D-7F9E-43A0-910A-F922FB2C7A6E}.Debug|Any CPU.ActiveCfg = Debug|Any CPU
		{B6815F6D-7F9E-43A0-910A-F922FB2C7A6E}.Debug|Any CPU.Build.0 = Debug|Any CPU
		{B6815F6D-7F9E-43A0-910A-F922FB2C7A6E}.Release|Any CPU.ActiveCfg = Release|Any CPU
		{B6815F6D-7F9E-43A0-910A-F922FB2C7A6E}.Release|Any CPU.Build.0 = Release|Any CPU
		{9A8D18F7-8D79-4DC8-AC24-8D2CEA4261E6}.Debug|Any CPU.ActiveCfg = Debug|Any CPU
		{9A8D18F7-8D79-4DC8-AC24-8D2CEA4261E6}.Debug|Any CPU.Build.0 = Debug|Any CPU
		{9A8D18F7-8D79-4DC8-AC24-8D2CEA4261E6}.Release|Any CPU.ActiveCfg = Release|Any CPU
		{9A8D18F7-8D79-4DC8-AC24-8D2CEA4261E6}.Release|Any CPU.Build.0 = Release|Any CPU
	EndGlobalSection
	GlobalSection(SolutionProperties) = preSolution
		HideSolutionNode = FALSE
	EndGlobalSection
	GlobalSection(NestedProjects) = preSolution
		{B6815F6D-7F9E-43A0-910A-F922FB2C7A6E} = {73AF9739-E4D4-49A6-98D8-3F850A4B0E2E}
		{9A8D18F7-8D79-4DC8-AC24-8D2CEA4261E6} = {73AF9739-E4D4-49A6-98D8-3F850A4B0E2E}
		{52B1F9CA-3023-4445-8228-CBF83079F947} = {73AF9739-E4D4-49A6-98D8-3F850A4B0E2E}
		{BD508A3C-A2E0-49D3-B063-A114C551CD05} = {73AF9739-E4D4-49A6-98D8-3F850A4B0E2E}
	EndGlobalSection
	GlobalSection(ExtensibilityGlobals) = postSolution
		SolutionGuid = {01D18687-6ADC-46F2-8D07-83A5F1B04D22}
	EndGlobalSection
EndGlobal
